
Microsoft Visual Studio Solution File, Format Version 12.00
# Visual Studio Version 17
VisualStudioVersion = 17.0.31903.59
MinimumVisualStudioVersion = 10.0.40219.1
Project("{FAE04EC0-301F-11D3-BF4B-00C04F79EFBC}") = "Tyco.CSharp", "Tyco.CSharp\Tyco.CSharp.csproj", "{820378DA-912E-4320-84B4-F5F4D9D0364F}"
EndProject
Project("{FAE04EC0-301F-11D3-BF4B-00C04F79EFBC}") = "Tyco.CSharp.Tests", "Tyco.CSharp.Tests\Tyco.CSharp.Tests.csproj", "{CE38D8E0-BB60-4859-BB81-24ECA0B52528}"
EndProject
Global
	GlobalSection(SolutionConfigurationPlatforms) = preSolution
		Debug|Any CPU = Debug|Any CPU
		Release|Any CPU = Release|Any CPU
	EndGlobalSection
	GlobalSection(SolutionProperties) = preSolution
		HideSolutionNode = FALSE
	EndGlobalSection
	GlobalSection(ProjectConfigurationPlatforms) = postSolution
		{820378DA-912E-4320-84B4-F5F4D9D0364F}.Debug|Any CPU.ActiveCfg = Debug|Any CPU
		{820378DA-912E-4320-84B4-F5F4D9D0364F}.Debug|Any CPU.Build.0 = Debug|Any CPU
		{820378DA-912E-4320-84B4-F5F4D9D0364F}.Release|Any CPU.ActiveCfg = Release|Any CPU
		{820378DA-912E-4320-84B4-F5F4D9D0364F}.Release|Any CPU.Build.0 = Release|Any CPU
		{CE38D8E0-BB60-4859-BB81-24ECA0B52528}.Debug|Any CPU.ActiveCfg = Debug|Any CPU
		{CE38D8E0-BB60-4859-BB81-24ECA0B52528}.Debug|Any CPU.Build.0 = Debug|Any CPU
		{CE38D8E0-BB60-4859-BB81-24ECA0B52528}.Release|Any CPU.ActiveCfg = Release|Any CPU
		{CE38D8E0-BB60-4859-BB81-24ECA0B52528}.Release|Any CPU.Build.0 = Release|Any CPU
	EndGlobalSection
EndGlobal
